// !$*UTF8*$!
{
	archiveVersion = 1;
	classes = {
	};
	objectVersion = 56;
	objects = {

/* Begin PBXBuildFile section */
		8109C98C2A7C7EF20096DD64 /* CalculateItApp.swift in Sources */ = {isa = PBXBuildFile; fileRef = 8109C98B2A7C7EF20096DD64 /* CalculateItApp.swift */; };
		8109C98E2A7C7EF20096DD64 /* ContentView.swift in Sources */ = {isa = PBXBuildFile; fileRef = 8109C98D2A7C7EF20096DD64 /* ContentView.swift */; };
		8109C9902A7C7EF40096DD64 /* Assets.xcassets in Resources */ = {isa = PBXBuildFile; fileRef = 8109C98F2A7C7EF40096DD64 /* Assets.xcassets */; };
		8109C9932A7C7EF40096DD64 /* Preview Assets.xcassets in Resources */ = {isa = PBXBuildFile; fileRef = 8109C9922A7C7EF40096DD64 /* Preview Assets.xcassets */; };
		8109C99A2A7C859B0096DD64 /* BMI-View.swift in Sources */ = {isa = PBXBuildFile; fileRef = 8109C9992A7C859B0096DD64 /* BMI-View.swift */; };
		8109C99D2A7D58CC0096DD64 /* BMI-ViewModel.swift in Sources */ = {isa = PBXBuildFile; fileRef = 8109C99C2A7D58CC0096DD64 /* BMI-ViewModel.swift */; };
		8109C99F2A7D59FB0096DD64 /* BMI-ViewComponents.swift in Sources */ = {isa = PBXBuildFile; fileRef = 8109C99E2A7D59FB0096DD64 /* BMI-ViewComponents.swift */; };
		8111417E2A86EBF600F29CC6 /* RatingView.swift in Sources */ = {isa = PBXBuildFile; fileRef = 8111417D2A86EBF600F29CC6 /* RatingView.swift */; };
		811141802A86F5F300F29CC6 /* FontInLove.otf in Resources */ = {isa = PBXBuildFile; fileRef = 8111417F2A86F5F300F29CC6 /* FontInLove.otf */; };
		815E926B2A880D90006166C4 /* ActivityTypes.swift in Sources */ = {isa = PBXBuildFile; fileRef = 815E926A2A880D90006166C4 /* ActivityTypes.swift */; };
		815E926F2A881BB5006166C4 /* Macro-DetailView.swift in Sources */ = {isa = PBXBuildFile; fileRef = 815E926E2A881BB5006166C4 /* Macro-DetailView.swift */; };
		818A79EF2A8C0B0D00BBA3AD /* BricolageGrotesque-Regular.ttf in Resources */ = {isa = PBXBuildFile; fileRef = 818A79EC2A8C0B0D00BBA3AD /* BricolageGrotesque-Regular.ttf */; };
		818A79F02A8C0B0D00BBA3AD /* BricolageGrotesque-Medium.ttf in Resources */ = {isa = PBXBuildFile; fileRef = 818A79ED2A8C0B0D00BBA3AD /* BricolageGrotesque-Medium.ttf */; };
		818A79F12A8C0B0D00BBA3AD /* BricolageGrotesque-Light.ttf in Resources */ = {isa = PBXBuildFile; fileRef = 818A79EE2A8C0B0D00BBA3AD /* BricolageGrotesque-Light.ttf */; };
		818A79F32A8C159B00BBA3AD /* Home-NavButtons.swift in Sources */ = {isa = PBXBuildFile; fileRef = 818A79F22A8C159B00BBA3AD /* Home-NavButtons.swift */; };
		81F9A9672A8191810093FAC7 /* BMI-ResultView.swift in Sources */ = {isa = PBXBuildFile; fileRef = 81F9A9662A8191810093FAC7 /* BMI-ResultView.swift */; };
		81F9A9692A8196E00093FAC7 /* Home-ViewComponents.swift in Sources */ = {isa = PBXBuildFile; fileRef = 81F9A9682A8196E00093FAC7 /* Home-ViewComponents.swift */; };
		81F9A96B2A819A540093FAC7 /* MathView.swift in Sources */ = {isa = PBXBuildFile; fileRef = 81F9A96A2A819A540093FAC7 /* MathView.swift */; };
		81F9A96D2A819AE10093FAC7 /* Math-Button.swift in Sources */ = {isa = PBXBuildFile; fileRef = 81F9A96C2A819AE10093FAC7 /* Math-Button.swift */; };
		81F9A9702A81CA290093FAC7 /* Love-View.swift in Sources */ = {isa = PBXBuildFile; fileRef = 81F9A96F2A81CA290093FAC7 /* Love-View.swift */; };
		81F9A9722A81D0B90093FAC7 /* Love-ViewModel.swift in Sources */ = {isa = PBXBuildFile; fileRef = 81F9A9712A81D0B90093FAC7 /* Love-ViewModel.swift */; };
		81F9A9752A81D3E90093FAC7 /* Love-ResultView.swift in Sources */ = {isa = PBXBuildFile; fileRef = 81F9A9742A81D3E90093FAC7 /* Love-ResultView.swift */; };
		81F9A9772A81D7550093FAC7 /* Tip-View.swift in Sources */ = {isa = PBXBuildFile; fileRef = 81F9A9762A81D7550093FAC7 /* Tip-View.swift */; };
		81F9A9792A81D75B0093FAC7 /* Macro-View.swift in Sources */ = {isa = PBXBuildFile; fileRef = 81F9A9782A81D75B0093FAC7 /* Macro-View.swift */; };
		81F9A97B2A81D7620093FAC7 /* Conversion-View.swift in Sources */ = {isa = PBXBuildFile; fileRef = 81F9A97A2A81D7620093FAC7 /* Conversion-View.swift */; };
		81F9A9A92A82DDF10093FAC7 /* Tip-ViewModel.swift in Sources */ = {isa = PBXBuildFile; fileRef = 81F9A9A82A82DDF10093FAC7 /* Tip-ViewModel.swift */; };
		81F9A9AC2A82E5DB0093FAC7 /* Macro-ViewModel.swift in Sources */ = {isa = PBXBuildFile; fileRef = 81F9A9AB2A82E5DB0093FAC7 /* Macro-ViewModel.swift */; };
/* End PBXBuildFile section */

/* Begin PBXFileReference section */
		8109C9882A7C7EF20096DD64 /* CalculateIt.app */ = {isa = PBXFileReference; explicitFileType = wrapper.application; includeInIndex = 0; path = CalculateIt.app; sourceTree = BUILT_PRODUCTS_DIR; };
		8109C98B2A7C7EF20096DD64 /* CalculateItApp.swift */ = {isa = PBXFileReference; lastKnownFileType = sourcecode.swift; path = CalculateItApp.swift; sourceTree = "<group>"; };
		8109C98D2A7C7EF20096DD64 /* ContentView.swift */ = {isa = PBXFileReference; lastKnownFileType = sourcecode.swift; path = ContentView.swift; sourceTree = "<group>"; };
		8109C98F2A7C7EF40096DD64 /* Assets.xcassets */ = {isa = PBXFileReference; lastKnownFileType = folder.assetcatalog; path = Assets.xcassets; sourceTree = "<group>"; };
		8109C9922A7C7EF40096DD64 /* Preview Assets.xcassets */ = {isa = PBXFileReference; lastKnownFileType = folder.assetcatalog; path = "Preview Assets.xcassets"; sourceTree = "<group>"; };
		8109C9992A7C859B0096DD64 /* BMI-View.swift */ = {isa = PBXFileReference; lastKnownFileType = sourcecode.swift; path = "BMI-View.swift"; sourceTree = "<group>"; };
		8109C99C2A7D58CC0096DD64 /* BMI-ViewModel.swift */ = {isa = PBXFileReference; lastKnownFileType = sourcecode.swift; path = "BMI-ViewModel.swift"; sourceTree = "<group>"; };
		8109C99E2A7D59FB0096DD64 /* BMI-ViewComponents.swift */ = {isa = PBXFileReference; lastKnownFileType = sourcecode.swift; path = "BMI-ViewComponents.swift"; sourceTree = "<group>"; };
		8111417D2A86EBF600F29CC6 /* RatingView.swift */ = {isa = PBXFileReference; fileEncoding = 4; lastKnownFileType = sourcecode.swift; path = RatingView.swift; sourceTree = "<group>"; };
		8111417F2A86F5F300F29CC6 /* FontInLove.otf */ = {isa = PBXFileReference; lastKnownFileType = file; path = FontInLove.otf; sourceTree = "<group>"; };
		811141822A86F60E00F29CC6 /* Info.plist */ = {isa = PBXFileReference; lastKnownFileType = text.plist; path = Info.plist; sourceTree = "<group>"; };
		815E926A2A880D90006166C4 /* ActivityTypes.swift */ = {isa = PBXFileReference; lastKnownFileType = sourcecode.swift; path = ActivityTypes.swift; sourceTree = "<group>"; };
		815E926E2A881BB5006166C4 /* Macro-DetailView.swift */ = {isa = PBXFileReference; lastKnownFileType = sourcecode.swift; path = "Macro-DetailView.swift"; sourceTree = "<group>"; };
		818A79EC2A8C0B0D00BBA3AD /* BricolageGrotesque-Regular.ttf */ = {isa = PBXFileReference; lastKnownFileType = file; path = "BricolageGrotesque-Regular.ttf"; sourceTree = "<group>"; };
		818A79ED2A8C0B0D00BBA3AD /* BricolageGrotesque-Medium.ttf */ = {isa = PBXFileReference; lastKnownFileType = file; path = "BricolageGrotesque-Medium.ttf"; sourceTree = "<group>"; };
		818A79EE2A8C0B0D00BBA3AD /* BricolageGrotesque-Light.ttf */ = {isa = PBXFileReference; lastKnownFileType = file; path = "BricolageGrotesque-Light.ttf"; sourceTree = "<group>"; };
		818A79F22A8C159B00BBA3AD /* Home-NavButtons.swift */ = {isa = PBXFileReference; lastKnownFileType = sourcecode.swift; path = "Home-NavButtons.swift"; sourceTree = "<group>"; };
		81F9A9662A8191810093FAC7 /* BMI-ResultView.swift */ = {isa = PBXFileReference; lastKnownFileType = sourcecode.swift; path = "BMI-ResultView.swift"; sourceTree = "<group>"; };
		81F9A9682A8196E00093FAC7 /* Home-ViewComponents.swift */ = {isa = PBXFileReference; lastKnownFileType = sourcecode.swift; path = "Home-ViewComponents.swift"; sourceTree = "<group>"; };
		81F9A96A2A819A540093FAC7 /* MathView.swift */ = {isa = PBXFileReference; lastKnownFileType = sourcecode.swift; path = MathView.swift; sourceTree = "<group>"; };
		81F9A96C2A819AE10093FAC7 /* Math-Button.swift */ = {isa = PBXFileReference; lastKnownFileType = sourcecode.swift; path = "Math-Button.swift"; sourceTree = "<group>"; };
		81F9A96F2A81CA290093FAC7 /* Love-View.swift */ = {isa = PBXFileReference; lastKnownFileType = sourcecode.swift; path = "Love-View.swift"; sourceTree = "<group>"; };
		81F9A9712A81D0B90093FAC7 /* Love-ViewModel.swift */ = {isa = PBXFileReference; lastKnownFileType = sourcecode.swift; path = "Love-ViewModel.swift"; sourceTree = "<group>"; };
		81F9A9742A81D3E90093FAC7 /* Love-ResultView.swift */ = {isa = PBXFileReference; lastKnownFileType = sourcecode.swift; path = "Love-ResultView.swift"; sourceTree = "<group>"; };
		81F9A9762A81D7550093FAC7 /* Tip-View.swift */ = {isa = PBXFileReference; lastKnownFileType = sourcecode.swift; path = "Tip-View.swift"; sourceTree = "<group>"; };
		81F9A9782A81D75B0093FAC7 /* Macro-View.swift */ = {isa = PBXFileReference; lastKnownFileType = sourcecode.swift; path = "Macro-View.swift"; sourceTree = "<group>"; };
		81F9A97A2A81D7620093FAC7 /* Conversion-View.swift */ = {isa = PBXFileReference; lastKnownFileType = sourcecode.swift; path = "Conversion-View.swift"; sourceTree = "<group>"; };
		81F9A9A82A82DDF10093FAC7 /* Tip-ViewModel.swift */ = {isa = PBXFileReference; lastKnownFileType = sourcecode.swift; path = "Tip-ViewModel.swift"; sourceTree = "<group>"; };
		81F9A9AB2A82E5DB0093FAC7 /* Macro-ViewModel.swift */ = {isa = PBXFileReference; lastKnownFileType = sourcecode.swift; path = "Macro-ViewModel.swift"; sourceTree = "<group>"; };
/* End PBXFileReference section */

/* Begin PBXFrameworksBuildPhase section */
		8109C9852A7C7EF20096DD64 /* Frameworks */ = {
			isa = PBXFrameworksBuildPhase;
			buildActionMask = 2147483647;
			files = (
			);
			runOnlyForDeploymentPostprocessing = 0;
		};
/* End PBXFrameworksBuildPhase section */

/* Begin PBXGroup section */
		8109C97F2A7C7EF20096DD64 = {
			isa = PBXGroup;
			children = (
				8109C98A2A7C7EF20096DD64 /* CalculateIt */,
				8109C9892A7C7EF20096DD64 /* Products */,
			);
			sourceTree = "<group>";
		};
		8109C9892A7C7EF20096DD64 /* Products */ = {
			isa = PBXGroup;
			children = (
				8109C9882A7C7EF20096DD64 /* CalculateIt.app */,
			);
			name = Products;
			sourceTree = "<group>";
		};
		8109C98A2A7C7EF20096DD64 /* CalculateIt */ = {
			isa = PBXGroup;
			children = (
				811141822A86F60E00F29CC6 /* Info.plist */,
				8109C98B2A7C7EF20096DD64 /* CalculateItApp.swift */,
				811141812A86F5F700F29CC6 /* Fonts */,
				81F9A97C2A81D9590093FAC7 /* Home */,
				81F9A9AA2A82E07A0093FAC7 /* Tip */,
				81F9A9AD2A82EC7C0093FAC7 /* Macros */,
				81F9A97A2A81D7620093FAC7 /* Conversion-View.swift */,
				81F9A9732A81D3540093FAC7 /* Love */,
				81F9A96E2A819DB20093FAC7 /* Math */,
				81F9A9652A818F520093FAC7 /* BMI */,
				8109C98F2A7C7EF40096DD64 /* Assets.xcassets */,
				8109C9912A7C7EF40096DD64 /* Preview Content */,
			);
			path = CalculateIt;
			sourceTree = "<group>";
		};
		8109C9912A7C7EF40096DD64 /* Preview Content */ = {
			isa = PBXGroup;
			children = (
				8109C9922A7C7EF40096DD64 /* Preview Assets.xcassets */,
			);
			path = "Preview Content";
			sourceTree = "<group>";
		};
		811141812A86F5F700F29CC6 /* Fonts */ = {
			isa = PBXGroup;
			children = (
				8111417F2A86F5F300F29CC6 /* FontInLove.otf */,
				818A79EE2A8C0B0D00BBA3AD /* BricolageGrotesque-Light.ttf */,
				818A79ED2A8C0B0D00BBA3AD /* BricolageGrotesque-Medium.ttf */,
				818A79EC2A8C0B0D00BBA3AD /* BricolageGrotesque-Regular.ttf */,
			);
			path = Fonts;
			sourceTree = "<group>";
		};
		81F9A9652A818F520093FAC7 /* BMI */ = {
			isa = PBXGroup;
			children = (
				8109C9992A7C859B0096DD64 /* BMI-View.swift */,
				81F9A9662A8191810093FAC7 /* BMI-ResultView.swift */,
				8109C99E2A7D59FB0096DD64 /* BMI-ViewComponents.swift */,
				8109C99C2A7D58CC0096DD64 /* BMI-ViewModel.swift */,
			);
			path = BMI;
			sourceTree = "<group>";
		};
		81F9A96E2A819DB20093FAC7 /* Math */ = {
			isa = PBXGroup;
			children = (
				81F9A96A2A819A540093FAC7 /* MathView.swift */,
				81F9A96C2A819AE10093FAC7 /* Math-Button.swift */,
			);
			path = Math;
			sourceTree = "<group>";
		};
		81F9A9732A81D3540093FAC7 /* Love */ = {
			isa = PBXGroup;
			children = (
				81F9A96F2A81CA290093FAC7 /* Love-View.swift */,
				81F9A9742A81D3E90093FAC7 /* Love-ResultView.swift */,
				81F9A9712A81D0B90093FAC7 /* Love-ViewModel.swift */,
			);
			path = Love;
			sourceTree = "<group>";
		};
		81F9A97C2A81D9590093FAC7 /* Home */ = {
			isa = PBXGroup;
			children = (
				81F9A9682A8196E00093FAC7 /* Home-ViewComponents.swift */,
				818A79F22A8C159B00BBA3AD /* Home-NavButtons.swift */,
				8109C98D2A7C7EF20096DD64 /* ContentView.swift */,
			);
			path = Home;
			sourceTree = "<group>";
		};
		81F9A9AA2A82E07A0093FAC7 /* Tip */ = {
			isa = PBXGroup;
			children = (
				8111417D2A86EBF600F29CC6 /* RatingView.swift */,
				81F9A9762A81D7550093FAC7 /* Tip-View.swift */,
				81F9A9A82A82DDF10093FAC7 /* Tip-ViewModel.swift */,
			);
			path = Tip;
			sourceTree = "<group>";
		};
		81F9A9AD2A82EC7C0093FAC7 /* Macros */ = {
			isa = PBXGroup;
			children = (
				81F9A9782A81D75B0093FAC7 /* Macro-View.swift */,
				815E926E2A881BB5006166C4 /* Macro-DetailView.swift */,
				81F9A9AB2A82E5DB0093FAC7 /* Macro-ViewModel.swift */,
				815E926A2A880D90006166C4 /* ActivityTypes.swift */,
			);
			path = Macros;
			sourceTree = "<group>";
		};
/* End PBXGroup section */

/* Begin PBXNativeTarget section */
		8109C9872A7C7EF20096DD64 /* CalculateIt */ = {
			isa = PBXNativeTarget;
			buildConfigurationList = 8109C9962A7C7EF40096DD64 /* Build configuration list for PBXNativeTarget "CalculateIt" */;
			buildPhases = (
				8109C9842A7C7EF20096DD64 /* Sources */,
				8109C9852A7C7EF20096DD64 /* Frameworks */,
				8109C9862A7C7EF20096DD64 /* Resources */,
				8109C99B2A7C860D0096DD64 /* SwiftLint */,
			);
			buildRules = (
			);
			dependencies = (
			);
			name = CalculateIt;
			productName = CalculateIt;
			productReference = 8109C9882A7C7EF20096DD64 /* CalculateIt.app */;
			productType = "com.apple.product-type.application";
		};
/* End PBXNativeTarget section */

/* Begin PBXProject section */
		8109C9802A7C7EF20096DD64 /* Project object */ = {
			isa = PBXProject;
			attributes = {
				BuildIndependentTargetsInParallel = 1;
				LastSwiftUpdateCheck = 1430;
				LastUpgradeCheck = 1430;
				TargetAttributes = {
					8109C9872A7C7EF20096DD64 = {
						CreatedOnToolsVersion = 14.3.1;
					};
				};
			};
			buildConfigurationList = 8109C9832A7C7EF20096DD64 /* Build configuration list for PBXProject "CalculateIt" */;
			compatibilityVersion = "Xcode 14.0";
			developmentRegion = en;
			hasScannedForEncodings = 0;
			knownRegions = (
				en,
				Base,
			);
			mainGroup = 8109C97F2A7C7EF20096DD64;
			productRefGroup = 8109C9892A7C7EF20096DD64 /* Products */;
			projectDirPath = "";
			projectRoot = "";
			targets = (
				8109C9872A7C7EF20096DD64 /* CalculateIt */,
			);
		};
/* End PBXProject section */

/* Begin PBXResourcesBuildPhase section */
		8109C9862A7C7EF20096DD64 /* Resources */ = {
			isa = PBXResourcesBuildPhase;
			buildActionMask = 2147483647;
			files = (
				818A79EF2A8C0B0D00BBA3AD /* BricolageGrotesque-Regular.ttf in Resources */,
				818A79F02A8C0B0D00BBA3AD /* BricolageGrotesque-Medium.ttf in Resources */,
				8109C9932A7C7EF40096DD64 /* Preview Assets.xcassets in Resources */,
				811141802A86F5F300F29CC6 /* FontInLove.otf in Resources */,
				818A79F12A8C0B0D00BBA3AD /* BricolageGrotesque-Light.ttf in Resources */,
				8109C9902A7C7EF40096DD64 /* Assets.xcassets in Resources */,
			);
			runOnlyForDeploymentPostprocessing = 0;
		};
/* End PBXResourcesBuildPhase section */

/* Begin PBXShellScriptBuildPhase section */
		8109C99B2A7C860D0096DD64 /* SwiftLint */ = {
			isa = PBXShellScriptBuildPhase;
			alwaysOutOfDate = 1;
			buildActionMask = 2147483647;
			files = (
			);
			inputFileListPaths = (
			);
			inputPaths = (
			);
			name = SwiftLint;
			outputFileListPaths = (
			);
			outputPaths = (
			);
			runOnlyForDeploymentPostprocessing = 0;
			shellPath = /bin/sh;
			shellScript = "# Type a script or drag a script file from your workspace to insert its path.\nif [[ \"$(uname -m)\" == arm64 ]]; then\n    export PATH=\"/opt/homebrew/bin:$PATH\"\nfi\n\nif which swiftlint > /dev/null; then\n  swiftlint\nelse\n  echo \"warning: SwiftLint not installed, download from https://github.com/realm/SwiftLint\"\nfi\n";
		};
/* End PBXShellScriptBuildPhase section */

/* Begin PBXSourcesBuildPhase section */
		8109C9842A7C7EF20096DD64 /* Sources */ = {
			isa = PBXSourcesBuildPhase;
			buildActionMask = 2147483647;
			files = (
				81F9A96D2A819AE10093FAC7 /* Math-Button.swift in Sources */,
				81F9A9772A81D7550093FAC7 /* Tip-View.swift in Sources */,
				81F9A9752A81D3E90093FAC7 /* Love-ResultView.swift in Sources */,
				8111417E2A86EBF600F29CC6 /* RatingView.swift in Sources */,
				81F9A9692A8196E00093FAC7 /* Home-ViewComponents.swift in Sources */,
				81F9A9A92A82DDF10093FAC7 /* Tip-ViewModel.swift in Sources */,
				8109C99A2A7C859B0096DD64 /* BMI-View.swift in Sources */,
				815E926B2A880D90006166C4 /* ActivityTypes.swift in Sources */,
				818A79F32A8C159B00BBA3AD /* Home-NavButtons.swift in Sources */,
				81F9A9702A81CA290093FAC7 /* Love-View.swift in Sources */,
				81F9A97B2A81D7620093FAC7 /* Conversion-View.swift in Sources */,
				8109C98E2A7C7EF20096DD64 /* ContentView.swift in Sources */,
				81F9A9672A8191810093FAC7 /* BMI-ResultView.swift in Sources */,
				8109C98C2A7C7EF20096DD64 /* CalculateItApp.swift in Sources */,
				8109C99F2A7D59FB0096DD64 /* BMI-ViewComponents.swift in Sources */,
				81F9A96B2A819A540093FAC7 /* MathView.swift in Sources */,
				8109C99D2A7D58CC0096DD64 /* BMI-ViewModel.swift in Sources */,
				815E926F2A881BB5006166C4 /* Macro-DetailView.swift in Sources */,
				81F9A9722A81D0B90093FAC7 /* Love-ViewModel.swift in Sources */,
				81F9A9AC2A82E5DB0093FAC7 /* Macro-ViewModel.swift in Sources */,
				81F9A9792A81D75B0093FAC7 /* Macro-View.swift in Sources */,
			);
			runOnlyForDeploymentPostprocessing = 0;
		};
/* End PBXSourcesBuildPhase section */

/* Begin XCBuildConfiguration section */
		8109C9942A7C7EF40096DD64 /* Debug */ = {
			isa = XCBuildConfiguration;
			buildSettings = {
				ALWAYS_SEARCH_USER_PATHS = NO;
				CLANG_ANALYZER_NONNULL = YES;
				CLANG_ANALYZER_NUMBER_OBJECT_CONVERSION = YES_AGGRESSIVE;
				CLANG_CXX_LANGUAGE_STANDARD = "gnu++20";
				CLANG_ENABLE_MODULES = YES;
				CLANG_ENABLE_OBJC_ARC = YES;
				CLANG_ENABLE_OBJC_WEAK = YES;
				CLANG_WARN_BLOCK_CAPTURE_AUTORELEASING = YES;
				CLANG_WARN_BOOL_CONVERSION = YES;
				CLANG_WARN_COMMA = YES;
				CLANG_WARN_CONSTANT_CONVERSION = YES;
				CLANG_WARN_DEPRECATED_OBJC_IMPLEMENTATIONS = YES;
				CLANG_WARN_DIRECT_OBJC_ISA_USAGE = YES_ERROR;
				CLANG_WARN_DOCUMENTATION_COMMENTS = YES;
				CLANG_WARN_EMPTY_BODY = YES;
				CLANG_WARN_ENUM_CONVERSION = YES;
				CLANG_WARN_INFINITE_RECURSION = YES;
				CLANG_WARN_INT_CONVERSION = YES;
				CLANG_WARN_NON_LITERAL_NULL_CONVERSION = YES;
				CLANG_WARN_OBJC_IMPLICIT_RETAIN_SELF = YES;
				CLANG_WARN_OBJC_LITERAL_CONVERSION = YES;
				CLANG_WARN_OBJC_ROOT_CLASS = YES_ERROR;
				CLANG_WARN_QUOTED_INCLUDE_IN_FRAMEWORK_HEADER = YES;
				CLANG_WARN_RANGE_LOOP_ANALYSIS = YES;
				CLANG_WARN_STRICT_PROTOTYPES = YES;
				CLANG_WARN_SUSPICIOUS_MOVE = YES;
				CLANG_WARN_UNGUARDED_AVAILABILITY = YES_AGGRESSIVE;
				CLANG_WARN_UNREACHABLE_CODE = YES;
				CLANG_WARN__DUPLICATE_METHOD_MATCH = YES;
				COPY_PHASE_STRIP = NO;
				DEBUG_INFORMATION_FORMAT = dwarf;
				ENABLE_STRICT_OBJC_MSGSEND = YES;
				ENABLE_TESTABILITY = YES;
				GCC_C_LANGUAGE_STANDARD = gnu11;
				GCC_DYNAMIC_NO_PIC = NO;
				GCC_NO_COMMON_BLOCKS = YES;
				GCC_OPTIMIZATION_LEVEL = 0;
				GCC_PREPROCESSOR_DEFINITIONS = (
					"DEBUG=1",
					"$(inherited)",
				);
				GCC_WARN_64_TO_32_BIT_CONVERSION = YES;
				GCC_WARN_ABOUT_RETURN_TYPE = YES_ERROR;
				GCC_WARN_UNDECLARED_SELECTOR = YES;
				GCC_WARN_UNINITIALIZED_AUTOS = YES_AGGRESSIVE;
				GCC_WARN_UNUSED_FUNCTION = YES;
				GCC_WARN_UNUSED_VARIABLE = YES;
				IPHONEOS_DEPLOYMENT_TARGET = 16.4;
				MTL_ENABLE_DEBUG_INFO = INCLUDE_SOURCE;
				MTL_FAST_MATH = YES;
				ONLY_ACTIVE_ARCH = YES;
				SDKROOT = iphoneos;
				SWIFT_ACTIVE_COMPILATION_CONDITIONS = DEBUG;
				SWIFT_OPTIMIZATION_LEVEL = "-Onone";
			};
			name = Debug;
		};
		8109C9952A7C7EF40096DD64 /* Release */ = {
			isa = XCBuildConfiguration;
			buildSettings = {
				ALWAYS_SEARCH_USER_PATHS = NO;
				CLANG_ANALYZER_NONNULL = YES;
				CLANG_ANALYZER_NUMBER_OBJECT_CONVERSION = YES_AGGRESSIVE;
				CLANG_CXX_LANGUAGE_STANDARD = "gnu++20";
				CLANG_ENABLE_MODULES = YES;
				CLANG_ENABLE_OBJC_ARC = YES;
				CLANG_ENABLE_OBJC_WEAK = YES;
				CLANG_WARN_BLOCK_CAPTURE_AUTORELEASING = YES;
				CLANG_WARN_BOOL_CONVERSION = YES;
				CLANG_WARN_COMMA = YES;
				CLANG_WARN_CONSTANT_CONVERSION = YES;
				CLANG_WARN_DEPRECATED_OBJC_IMPLEMENTATIONS = YES;
				CLANG_WARN_DIRECT_OBJC_ISA_USAGE = YES_ERROR;
				CLANG_WARN_DOCUMENTATION_COMMENTS = YES;
				CLANG_WARN_EMPTY_BODY = YES;
				CLANG_WARN_ENUM_CONVERSION = YES;
				CLANG_WARN_INFINITE_RECURSION = YES;
				CLANG_WARN_INT_CONVERSION = YES;
				CLANG_WARN_NON_LITERAL_NULL_CONVERSION = YES;
				CLANG_WARN_OBJC_IMPLICIT_RETAIN_SELF = YES;
				CLANG_WARN_OBJC_LITERAL_CONVERSION = YES;
				CLANG_WARN_OBJC_ROOT_CLASS = YES_ERROR;
				CLANG_WARN_QUOTED_INCLUDE_IN_FRAMEWORK_HEADER = YES;
				CLANG_WARN_RANGE_LOOP_ANALYSIS = YES;
				CLANG_WARN_STRICT_PROTOTYPES = YES;
				CLANG_WARN_SUSPICIOUS_MOVE = YES;
				CLANG_WARN_UNGUARDED_AVAILABILITY = YES_AGGRESSIVE;
				CLANG_WARN_UNREACHABLE_CODE = YES;
				CLANG_WARN__DUPLICATE_METHOD_MATCH = YES;
				COPY_PHASE_STRIP = NO;
				DEBUG_INFORMATION_FORMAT = "dwarf-with-dsym";
				ENABLE_NS_ASSERTIONS = NO;
				ENABLE_STRICT_OBJC_MSGSEND = YES;
				GCC_C_LANGUAGE_STANDARD = gnu11;
				GCC_NO_COMMON_BLOCKS = YES;
				GCC_WARN_64_TO_32_BIT_CONVERSION = YES;
				GCC_WARN_ABOUT_RETURN_TYPE = YES_ERROR;
				GCC_WARN_UNDECLARED_SELECTOR = YES;
				GCC_WARN_UNINITIALIZED_AUTOS = YES_AGGRESSIVE;
				GCC_WARN_UNUSED_FUNCTION = YES;
				GCC_WARN_UNUSED_VARIABLE = YES;
				IPHONEOS_DEPLOYMENT_TARGET = 16.4;
				MTL_ENABLE_DEBUG_INFO = NO;
				MTL_FAST_MATH = YES;
				SDKROOT = iphoneos;
				SWIFT_COMPILATION_MODE = wholemodule;
				SWIFT_OPTIMIZATION_LEVEL = "-O";
				VALIDATE_PRODUCT = YES;
			};
			name = Release;
		};
		8109C9972A7C7EF40096DD64 /* Debug */ = {
			isa = XCBuildConfiguration;
			buildSettings = {
				ASSETCATALOG_COMPILER_APPICON_NAME = AppIcon;
				ASSETCATALOG_COMPILER_GLOBAL_ACCENT_COLOR_NAME = AccentColor;
				CODE_SIGN_STYLE = Automatic;
				CURRENT_PROJECT_VERSION = 1;
				DEVELOPMENT_ASSET_PATHS = "\"CalculateIt/Preview Content\"";
				DEVELOPMENT_TEAM = Q73WC8F3KU;
				ENABLE_PREVIEWS = YES;
				GENERATE_INFOPLIST_FILE = YES;
				INFOPLIST_FILE = CalculateIt/Info.plist;
				INFOPLIST_KEY_UIApplicationSceneManifest_Generation = YES;
				INFOPLIST_KEY_UIApplicationSupportsIndirectInputEvents = YES;
				INFOPLIST_KEY_UILaunchScreen_Generation = YES;
				INFOPLIST_KEY_UISupportedInterfaceOrientations_iPad = "UIInterfaceOrientationPortrait UIInterfaceOrientationPortraitUpsideDown UIInterfaceOrientationLandscapeLeft UIInterfaceOrientationLandscapeRight";
				INFOPLIST_KEY_UISupportedInterfaceOrientations_iPhone = "UIInterfaceOrientationPortrait UIInterfaceOrientationLandscapeLeft UIInterfaceOrientationLandscapeRight";
				LD_RUNPATH_SEARCH_PATHS = (
					"$(inherited)",
					"@executable_path/Frameworks",
				);
				MARKETING_VERSION = 1.0;
				PRODUCT_BUNDLE_IDENTIFIER = FishPeopleApps.CalculateIt;
				PRODUCT_NAME = "$(TARGET_NAME)";
				SWIFT_EMIT_LOC_STRINGS = YES;
				SWIFT_VERSION = 5.0;
				TARGETED_DEVICE_FAMILY = "1,2";
			};
			name = Debug;
		};
		8109C9982A7C7EF40096DD64 /* Release */ = {
			isa = XCBuildConfiguration;
			buildSettings = {
				ASSETCATALOG_COMPILER_APPICON_NAME = AppIcon;
				ASSETCATALOG_COMPILER_GLOBAL_ACCENT_COLOR_NAME = AccentColor;
				CODE_SIGN_STYLE = Automatic;
				CURRENT_PROJECT_VERSION = 1;
				DEVELOPMENT_ASSET_PATHS = "\"CalculateIt/Preview Content\"";
				DEVELOPMENT_TEAM = Q73WC8F3KU;
				ENABLE_PREVIEWS = YES;
				GENERATE_INFOPLIST_FILE = YES;
				INFOPLIST_FILE = CalculateIt/Info.plist;
				INFOPLIST_KEY_UIApplicationSceneManifest_Generation = YES;
				INFOPLIST_KEY_UIApplicationSupportsIndirectInputEvents = YES;
				INFOPLIST_KEY_UILaunchScreen_Generation = YES;
				INFOPLIST_KEY_UISupportedInterfaceOrientations_iPad = "UIInterfaceOrientationPortrait UIInterfaceOrientationPortraitUpsideDown UIInterfaceOrientationLandscapeLeft UIInterfaceOrientationLandscapeRight";
				INFOPLIST_KEY_UISupportedInterfaceOrientations_iPhone = "UIInterfaceOrientationPortrait UIInterfaceOrientationLandscapeLeft UIInterfaceOrientationLandscapeRight";
				LD_RUNPATH_SEARCH_PATHS = (
					"$(inherited)",
					"@executable_path/Frameworks",
				);
				MARKETING_VERSION = 1.0;
				PRODUCT_BUNDLE_IDENTIFIER = FishPeopleApps.CalculateIt;
				PRODUCT_NAME = "$(TARGET_NAME)";
				SWIFT_EMIT_LOC_STRINGS = YES;
				SWIFT_VERSION = 5.0;
				TARGETED_DEVICE_FAMILY = "1,2";
			};
			name = Release;
		};
/* End XCBuildConfiguration section */

/* Begin XCConfigurationList section */
		8109C9832A7C7EF20096DD64 /* Build configuration list for PBXProject "CalculateIt" */ = {
			isa = XCConfigurationList;
			buildConfigurations = (
				8109C9942A7C7EF40096DD64 /* Debug */,
				8109C9952A7C7EF40096DD64 /* Release */,
			);
			defaultConfigurationIsVisible = 0;
			defaultConfigurationName = Release;
		};
		8109C9962A7C7EF40096DD64 /* Build configuration list for PBXNativeTarget "CalculateIt" */ = {
			isa = XCConfigurationList;
			buildConfigurations = (
				8109C9972A7C7EF40096DD64 /* Debug */,
				8109C9982A7C7EF40096DD64 /* Release */,
			);
			defaultConfigurationIsVisible = 0;
			defaultConfigurationName = Release;
		};
/* End XCConfigurationList section */
	};
	rootObject = 8109C9802A7C7EF20096DD64 /* Project object */;
}
